<?xml version="1.0" encoding="utf-8"?>
<Project ToolsVersion="4.0" xmlns="http://schemas.microsoft.com/developer/msbuild/2003">
  <ItemGroup>
    <ClCompile Include="VDBMeshImpl.cpp" />
    <ClCompile Include="Converter.cpp" />
    <ClCompile Include="VDBMesh.cpp" />
    <ClCompile Include="VDBVolumeImpl.cpp" />
    <ClCompile Include="VDBVolume.cpp" />
    <ClCompile Include="VDBPoints.cpp">
      <Filter>Points</Filter>
    </ClCompile>
    <ClCompile Include="VDBPointsImpl.cpp">
      <Filter>Points</Filter>
    </ClCompile>
  </ItemGroup>
  <ItemGroup>
    <ClInclude Include="VDBMeshImpl.h" />
    <ClInclude Include="Converter.h" />
    <ClInclude Include="VDBMesh.h" />
    <ClInclude Include="VDBVolumeImpl.h" />
    <ClInclude Include="VDBVolume.h" />
    <ClInclude Include="VDBPoints.h">
      <Filter>Points</Filter>
    </ClInclude>
    <ClInclude Include="VDBPointsImpl.h">
      <Filter>Points</Filter>
    </ClInclude>
  </ItemGroup>
  <ItemGroup>
    <Filter Include="Points">
      <UniqueIdentifier>{a5c34a1e-694e-4c43-b272-4d51a27e5836}</UniqueIdentifier>
    </Filter>
  </ItemGroup>
</Project>