<?xml version="1.0" encoding="utf-8"?>
<Project ToolsVersion="4.0" xmlns="http://schemas.microsoft.com/developer/msbuild/2003">
  <ItemGroup>
    <ClCompile Include="ParticleDepthRenderer.cpp">
      <Filter>ParticleDepth</Filter>
    </ClCompile>
    <ClCompile Include="BilateralFilterRenderer.cpp">
      <Filter>BilateralFilter</Filter>
    </ClCompile>
    <ClCompile Include="SSAbsorptionRenderer.cpp">
      <Filter>SSAbsorption</Filter>
    </ClCompile>
    <ClCompile Include="SSThicknessRenderer.cpp">
      <Filter>SSThickness</Filter>
    </ClCompile>
    <ClCompile Include="SSNormalRenderer.cpp">
      <Filter>SSNormal</Filter>
    </ClCompile>
    <ClCompile Include="SSReflectionRenderer.cpp">
      <Filter>SSReflection</Filter>
    </ClCompile>
    <ClCompile Include="SSFluidRenderer.cpp">
      <Filter>SSFluid</Filter>
    </ClCompile>
    <ClCompile Include="SSRefractionRenderer.cpp">
      <Filter>SSRefraction</Filter>
    </ClCompile>
  </ItemGroup>
  <ItemGroup>
    <Filter Include="ParticleDepth">
      <UniqueIdentifier>{55bed720-e9cf-49de-b0f1-d364ab4ea126}</UniqueIdentifier>
    </Filter>
    <Filter Include="BilateralFilter">
      <UniqueIdentifier>{e053c457-03bf-4501-9612-64abfd63a73b}</UniqueIdentifier>
    </Filter>
    <Filter Include="SSNormal">
      <UniqueIdentifier>{96aad03b-e5c0-4ffd-bdaa-279f1c45673b}</UniqueIdentifier>
    </Filter>
    <Filter Include="SSAbsorption">
      <UniqueIdentifier>{f8248923-38a6-45bd-a69f-172d6b1d10ae}</UniqueIdentifier>
    </Filter>
    <Filter Include="SSThickness">
      <UniqueIdentifier>{8fda793a-52b9-4ce6-bf27-95dd1d70a7e4}</UniqueIdentifier>
    </Filter>
    <Filter Include="SSReflection">
      <UniqueIdentifier>{2f2459d2-6632-4dac-9d6d-913f081f5f93}</UniqueIdentifier>
    </Filter>
    <Filter Include="SSFluid">
      <UniqueIdentifier>{48f66445-dfce-4b3b-9258-10e3db0fc80c}</UniqueIdentifier>
    </Filter>
    <Filter Include="SSRefraction">
      <UniqueIdentifier>{22b850e2-2c70-4b62-b298-50bfe4755321}</UniqueIdentifier>
    </Filter>
  </ItemGroup>
  <ItemGroup>
    <None Include="..\GLSL\ParticleDepth.fs">
      <Filter>ParticleDepth</Filter>
    </None>
    <None Include="..\GLSL\ParticleDepth.vs">
      <Filter>ParticleDepth</Filter>
    </None>
    <None Include="..\GLSL\SSThickness.fs">
      <Filter>SSThickness</Filter>
    </None>
    <None Include="..\GLSL\SSThickness.vs">
      <Filter>SSThickness</Filter>
    </None>
    <None Include="..\GLSL\BilateralFilter.fs">
      <Filter>BilateralFilter</Filter>
    </None>
    <None Include="..\GLSL\BilateralFilter.vs">
      <Filter>BilateralFilter</Filter>
    </None>
    <None Include="..\GLSL\SSNormal.fs">
      <Filter>SSNormal</Filter>
    </None>
    <None Include="..\GLSL\SSNormal.vs">
      <Filter>SSNormal</Filter>
    </None>
    <None Include="..\GLSL\SSReflection.fs">
      <Filter>SSReflection</Filter>
    </None>
    <None Include="..\GLSL\SSReflection.vs">
      <Filter>SSReflection</Filter>
    </None>
    <None Include="..\GLSL\SSFluid.glfs">
      <Filter>SSFluid</Filter>
    </None>
    <None Include="..\GLSL\SSFluid.glvs">
      <Filter>SSFluid</Filter>
    </None>
    <None Include="..\GLSL\SSAbsorption.fs">
      <Filter>SSAbsorption</Filter>
    </None>
    <None Include="..\GLSL\SSAbsorption.vs">
      <Filter>SSAbsorption</Filter>
    </None>
    <None Include="..\GLSL\SSRefraction.fs">
      <Filter>SSRefraction</Filter>
    </None>
    <None Include="..\GLSL\SSRefraction.vs">
      <Filter>SSRefraction</Filter>
    </None>
  </ItemGroup>
  <ItemGroup>
    <ClInclude Include="ParticleDepthRenderer.h">
      <Filter>ParticleDepth</Filter>
    </ClInclude>
    <ClInclude Include="BilateralFilterRenderer.h">
      <Filter>BilateralFilter</Filter>
    </ClInclude>
    <ClInclude Include="SSAbsorptionRenderer.h">
      <Filter>SSAbsorption</Filter>
    </ClInclude>
    <ClInclude Include="SSThicknessRenderer.h">
      <Filter>SSThickness</Filter>
    </ClInclude>
    <ClInclude Include="SSNormalRenderer.h">
      <Filter>SSNormal</Filter>
    </ClInclude>
    <ClInclude Include="SSReflectionRenderer.h">
      <Filter>SSReflection</Filter>
    </ClInclude>
    <ClInclude Include="SSFluidRenderer.h">
      <Filter>SSFluid</Filter>
    </ClInclude>
    <ClInclude Include="SSRefractionRenderer.h">
      <Filter>SSRefraction</Filter>
    </ClInclude>
  </ItemGroup>
</Project>