<?xml version="1.0" encoding="utf-8"?>
<Project ToolsVersion="4.0" xmlns="http://schemas.microsoft.com/developer/msbuild/2003">
  <ItemGroup>
    <ClCompile Include="PCView.cpp" />
    <ClCompile Include="Renderer.cpp" />
    <ClCompile Include="PCMenu.cpp" />
    <ClCompile Include="DensityEstimatorView.cpp" />
    <ClCompile Include="PointCloudPresenter.cpp" />
    <ClCompile Include="PointCloudScene.cpp" />
    <ClCompile Include="PCBoxView.cpp" />
    <ClCompile Include="PointCloudBuilder.cpp" />
    <ClCompile Include="NormalEstimatorView.cpp" />
    <ClCompile Include="CurvatureEstimatorView.cpp" />
    <ClCompile Include="FileMenu.cpp" />
    <ClCompile Include="FileImporter.cpp" />
  </ItemGroup>
  <ItemGroup>
    <ClInclude Include="World.h" />
    <ClInclude Include="Renderer.h" />
    <ClInclude Include="PCMenu.h" />
    <ClInclude Include="DensityEstimatorView.h" />
    <ClInclude Include="PointCloudScene.h" />
    <ClInclude Include="PointCloudPresenter.h" />
    <ClInclude Include="PCBoxView.h" />
    <ClInclude Include="PointCloudBuilder.h" />
    <ClInclude Include="Point.h" />
    <ClInclude Include="NormalEstimatorView.h" />
    <ClInclude Include="CurvatureEstimatorView.h" />
    <ClInclude Include="FileMenu.h" />
    <ClInclude Include="FileImporter.h" />
  </ItemGroup>
  <ItemGroup>
    <None Include="packages.config" />
  </ItemGroup>
</Project>