<?xml version="1.0" encoding="utf-8"?>
<Project ToolsVersion="4.0" xmlns="http://schemas.microsoft.com/developer/msbuild/2003">
  <ItemGroup>
    <ClInclude Include="imconfig.h">
      <Filter>imgui</Filter>
    </ClInclude>
    <ClInclude Include="imgui.h">
      <Filter>imgui</Filter>
    </ClInclude>
    <ClInclude Include="imgui_impl_glfw.h">
      <Filter>imgui</Filter>
    </ClInclude>
    <ClInclude Include="imgui_impl_opengl3.h">
      <Filter>imgui</Filter>
    </ClInclude>
    <ClInclude Include="imgui_internal.h">
      <Filter>imgui</Filter>
    </ClInclude>
    <ClInclude Include="imgui_stdlib.h">
      <Filter>imgui</Filter>
    </ClInclude>
    <ClInclude Include="imstb_rectpack.h">
      <Filter>imgui</Filter>
    </ClInclude>
    <ClInclude Include="imstb_textedit.h">
      <Filter>imgui</Filter>
    </ClInclude>
    <ClInclude Include="imstb_truetype.h">
      <Filter>imgui</Filter>
    </ClInclude>
    <ClInclude Include="IWindow.h" />
    <ClInclude Include="BoolView.h" />
    <ClInclude Include="FloatView.h" />
    <ClInclude Include="IntView.h" />
    <ClInclude Include="Vector3dView.h">
      <Filter>Vector</Filter>
    </ClInclude>
    <ClInclude Include="Box3dView.h" />
    <ClInclude Include="Button.h" />
    <ClInclude Include="Panel.h" />
    <ClInclude Include="IOkCancelView.h" />
    <ClInclude Include="IView.h" />
    <ClInclude Include="Line3dView.h" />
    <ClInclude Include="ColorMapView.h" />
    <ClInclude Include="Matrix2dView.h">
      <Filter>Matrix</Filter>
    </ClInclude>
  </ItemGroup>
  <ItemGroup>
    <ClCompile Include="imgui.cpp">
      <Filter>imgui</Filter>
    </ClCompile>
    <ClCompile Include="imgui_draw.cpp">
      <Filter>imgui</Filter>
    </ClCompile>
    <ClCompile Include="imgui_impl_glfw.cpp">
      <Filter>imgui</Filter>
    </ClCompile>
    <ClCompile Include="imgui_impl_opengl3.cpp">
      <Filter>imgui</Filter>
    </ClCompile>
    <ClCompile Include="imgui_stdlib.cpp">
      <Filter>imgui</Filter>
    </ClCompile>
    <ClCompile Include="imgui_widgets.cpp">
      <Filter>imgui</Filter>
    </ClCompile>
    <ClCompile Include="BoolView.cpp" />
    <ClCompile Include="FloatView.cpp" />
    <ClCompile Include="IntView.cpp" />
    <ClCompile Include="Vector3dView.cpp">
      <Filter>Vector</Filter>
    </ClCompile>
    <ClCompile Include="Box3dView.cpp" />
    <ClCompile Include="Button.cpp" />
    <ClCompile Include="Panel.cpp" />
    <ClCompile Include="Line3dView.cpp" />
    <ClCompile Include="ColorMapView.cpp" />
    <ClCompile Include="Matrix2dView.cpp">
      <Filter>Matrix</Filter>
    </ClCompile>
  </ItemGroup>
  <ItemGroup>
    <None Include="packages.config" />
  </ItemGroup>
  <ItemGroup>
    <Filter Include="imgui">
      <UniqueIdentifier>{bebee693-702a-4333-8614-f8d7dbb8fc9c}</UniqueIdentifier>
    </Filter>
    <Filter Include="Vector">
      <UniqueIdentifier>{c80a7d08-d040-4953-a92b-f572e6b84a92}</UniqueIdentifier>
    </Filter>
    <Filter Include="Matrix">
      <UniqueIdentifier>{c5740881-4a40-4b4e-87dc-fd125ead8acf}</UniqueIdentifier>
    </Filter>
  </ItemGroup>
</Project>