<?xml version="1.0" encoding="utf-8"?>
<Project ToolsVersion="4.0" xmlns="http://schemas.microsoft.com/developer/msbuild/2003">
  <ItemGroup>
    <ClInclude Include="imconfig.h">
      <Filter>imgui</Filter>
    </ClInclude>
    <ClInclude Include="imgui.h">
      <Filter>imgui</Filter>
    </ClInclude>
    <ClInclude Include="imgui_impl_glfw.h">
      <Filter>imgui</Filter>
    </ClInclude>
    <ClInclude Include="imgui_impl_opengl3.h">
      <Filter>imgui</Filter>
    </ClInclude>
    <ClInclude Include="imgui_internal.h">
      <Filter>imgui</Filter>
    </ClInclude>
    <ClInclude Include="imgui_stdlib.h">
      <Filter>imgui</Filter>
    </ClInclude>
    <ClInclude Include="imstb_rectpack.h">
      <Filter>imgui</Filter>
    </ClInclude>
    <ClInclude Include="imstb_textedit.h">
      <Filter>imgui</Filter>
    </ClInclude>
    <ClInclude Include="imstb_truetype.h">
      <Filter>imgui</Filter>
    </ClInclude>
    <ClInclude Include="IWindow.h" />
    <ClInclude Include="Vector3dView.h">
      <Filter>Vector</Filter>
    </ClInclude>
    <ClInclude Include="Button.h" />
    <ClInclude Include="Panel.h" />
    <ClInclude Include="IOkCancelView.h" />
    <ClInclude Include="IView.h" />
    <ClInclude Include="ColorMapView.h" />
    <ClInclude Include="Matrix2dView.h">
      <Filter>Matrix</Filter>
    </ClInclude>
    <ClInclude Include="Matrix3dView.h">
      <Filter>Matrix</Filter>
    </ClInclude>
    <ClInclude Include="Matrix4dView.h">
      <Filter>Matrix</Filter>
    </ClInclude>
    <ClInclude Include="tinyfiledialogs.h">
      <Filter>Dialog</Filter>
    </ClInclude>
    <ClInclude Include="FileOpenView.h">
      <Filter>Dialog</Filter>
    </ClInclude>
    <ClInclude Include="Box3dView.h">
      <Filter>Math</Filter>
    </ClInclude>
    <ClInclude Include="Circle3dView.h">
      <Filter>Math</Filter>
    </ClInclude>
    <ClInclude Include="Cylinder3dView.h">
      <Filter>Math</Filter>
    </ClInclude>
    <ClInclude Include="Ellipse3dView.h">
      <Filter>Math</Filter>
    </ClInclude>
    <ClInclude Include="Ellipsoid3dView.h">
      <Filter>Math</Filter>
    </ClInclude>
    <ClInclude Include="Line3dView.h">
      <Filter>Math</Filter>
    </ClInclude>
    <ClInclude Include="Ray3dView.h">
      <Filter>Math</Filter>
    </ClInclude>
    <ClInclude Include="Sphere3dView.h">
      <Filter>Math</Filter>
    </ClInclude>
    <ClInclude Include="BoolView.h">
      <Filter>BuiltIn</Filter>
    </ClInclude>
    <ClInclude Include="FloatView.h">
      <Filter>BuiltIn</Filter>
    </ClInclude>
    <ClInclude Include="Float4View.h">
      <Filter>BuiltIn</Filter>
    </ClInclude>
    <ClInclude Include="IntView.h">
      <Filter>BuiltIn</Filter>
    </ClInclude>
    <ClInclude Include="StringView.h">
      <Filter>BuiltIn</Filter>
    </ClInclude>
    <ClInclude Include="FileSaveView.h">
      <Filter>Dialog</Filter>
    </ClInclude>
    <ClInclude Include="DirectoryView.h">
      <Filter>Dialog</Filter>
    </ClInclude>
    <ClInclude Include="FileOpenDialog.h">
      <Filter>Dialog</Filter>
    </ClInclude>
    <ClInclude Include="FileSaveDialog.h">
      <Filter>Dialog</Filter>
    </ClInclude>
    <ClInclude Include="MenuItem.h" />
    <ClInclude Include="IMenu.h" />
    <ClInclude Include="IMenuItem.h" />
  </ItemGroup>
  <ItemGroup>
    <ClCompile Include="imgui.cpp">
      <Filter>imgui</Filter>
    </ClCompile>
    <ClCompile Include="imgui_draw.cpp">
      <Filter>imgui</Filter>
    </ClCompile>
    <ClCompile Include="imgui_impl_glfw.cpp">
      <Filter>imgui</Filter>
    </ClCompile>
    <ClCompile Include="imgui_impl_opengl3.cpp">
      <Filter>imgui</Filter>
    </ClCompile>
    <ClCompile Include="imgui_stdlib.cpp">
      <Filter>imgui</Filter>
    </ClCompile>
    <ClCompile Include="imgui_widgets.cpp">
      <Filter>imgui</Filter>
    </ClCompile>
    <ClCompile Include="Vector3dView.cpp">
      <Filter>Vector</Filter>
    </ClCompile>
    <ClCompile Include="Button.cpp" />
    <ClCompile Include="Panel.cpp" />
    <ClCompile Include="ColorMapView.cpp" />
    <ClCompile Include="Matrix2dView.cpp">
      <Filter>Matrix</Filter>
    </ClCompile>
    <ClCompile Include="Matrix3dView.cpp">
      <Filter>Matrix</Filter>
    </ClCompile>
    <ClCompile Include="Matrix4dView.cpp">
      <Filter>Matrix</Filter>
    </ClCompile>
    <ClCompile Include="tinyfiledialogs.cpp">
      <Filter>Dialog</Filter>
    </ClCompile>
    <ClCompile Include="FileOpenView.cpp">
      <Filter>Dialog</Filter>
    </ClCompile>
    <ClCompile Include="Box3dView.cpp">
      <Filter>Math</Filter>
    </ClCompile>
    <ClCompile Include="Circle3dView.cpp">
      <Filter>Math</Filter>
    </ClCompile>
    <ClCompile Include="Cylinder3dView.cpp">
      <Filter>Math</Filter>
    </ClCompile>
    <ClCompile Include="Ellipse3dView.cpp">
      <Filter>Math</Filter>
    </ClCompile>
    <ClCompile Include="Ellipsoid3dView.cpp">
      <Filter>Math</Filter>
    </ClCompile>
    <ClCompile Include="Line3dView.cpp">
      <Filter>Math</Filter>
    </ClCompile>
    <ClCompile Include="Ray3dView.cpp">
      <Filter>Math</Filter>
    </ClCompile>
    <ClCompile Include="Sphere3dView.cpp">
      <Filter>Math</Filter>
    </ClCompile>
    <ClCompile Include="BoolView.cpp">
      <Filter>BuiltIn</Filter>
    </ClCompile>
    <ClCompile Include="FloatView.cpp">
      <Filter>BuiltIn</Filter>
    </ClCompile>
    <ClCompile Include="Float4View.cpp">
      <Filter>BuiltIn</Filter>
    </ClCompile>
    <ClCompile Include="IntView.cpp">
      <Filter>BuiltIn</Filter>
    </ClCompile>
    <ClCompile Include="StringView.cpp">
      <Filter>BuiltIn</Filter>
    </ClCompile>
    <ClCompile Include="FileSaveView.cpp">
      <Filter>Dialog</Filter>
    </ClCompile>
    <ClCompile Include="DirectoryView.cpp">
      <Filter>Dialog</Filter>
    </ClCompile>
    <ClCompile Include="FileOpenDialog.cpp">
      <Filter>Dialog</Filter>
    </ClCompile>
    <ClCompile Include="FileSaveDialog.cpp">
      <Filter>Dialog</Filter>
    </ClCompile>
    <ClCompile Include="IMenu.cpp" />
    <ClCompile Include="IMenuItem.cpp" />
  </ItemGroup>
  <ItemGroup>
    <None Include="packages.config" />
  </ItemGroup>
  <ItemGroup>
    <Filter Include="imgui">
      <UniqueIdentifier>{bebee693-702a-4333-8614-f8d7dbb8fc9c}</UniqueIdentifier>
    </Filter>
    <Filter Include="Vector">
      <UniqueIdentifier>{c80a7d08-d040-4953-a92b-f572e6b84a92}</UniqueIdentifier>
    </Filter>
    <Filter Include="Matrix">
      <UniqueIdentifier>{c5740881-4a40-4b4e-87dc-fd125ead8acf}</UniqueIdentifier>
    </Filter>
    <Filter Include="Dialog">
      <UniqueIdentifier>{ae6de1c7-88c3-4b17-849a-99511af13db8}</UniqueIdentifier>
    </Filter>
    <Filter Include="Math">
      <UniqueIdentifier>{e5cf75d4-31e7-4e36-a14d-32213cb1dbdf}</UniqueIdentifier>
    </Filter>
    <Filter Include="BuiltIn">
      <UniqueIdentifier>{83e68056-3809-4617-8126-988e7b8d249a}</UniqueIdentifier>
    </Filter>
  </ItemGroup>
</Project>