
Microsoft Visual Studio Solution File, Format Version 12.00
# Visual Studio Version 16
VisualStudioVersion = 16.0.32510.428
MinimumVisualStudioVersion = 10.0.40219.1
Project("{8BC9CEB8-8B4A-11D0-8D11-00A0C91BC942}") = "Math", "CGLib\Math\Math.vcxproj", "{43F2D582-49B6-425D-BF27-6B3A9A9A0ACB}"
EndProject
Project("{8BC9CEB8-8B4A-11D0-8D11-00A0C91BC942}") = "Shader", "CGLib\Shader\Shader.vcxproj", "{E38D1457-C9DD-4670-95B0-1EEE416CCFFB}"
EndProject
Project("{8BC9CEB8-8B4A-11D0-8D11-00A0C91BC942}") = "UI", "CGLib\UI\UI.vcxproj", "{02B12DC2-D4AF-4FA1-A2F0-B51326D3C1E6}"
EndProject
Project("{8BC9CEB8-8B4A-11D0-8D11-00A0C91BC942}") = "RendererView", "Crystal\RendererView\RendererView.vcxproj", "{58BFBFA8-9FFD-46DA-BEC2-9CD4244CB82B}"
EndProject
Project("{8BC9CEB8-8B4A-11D0-8D11-00A0C91BC942}") = "Graphics", "CGLib\Graphics\Graphics.vcxproj", "{33DF6D05-9610-4794-A1CD-3BC1D86E6A8E}"
EndProject
Project("{8BC9CEB8-8B4A-11D0-8D11-00A0C91BC942}") = "Renderer", "Crystal\Renderer\Renderer.vcxproj", "{B4138991-BD60-465F-AB44-64D49A9382C3}"
EndProject
Project("{8BC9CEB8-8B4A-11D0-8D11-00A0C91BC942}") = "Scene", "Crystal\Scene\Scene.vcxproj", "{8F772D35-8835-4288-941E-867F4E7E7F8F}"
EndProject
Project("{8BC9CEB8-8B4A-11D0-8D11-00A0C91BC942}") = "UISample", "CGLib\UISample\UISample.vcxproj", "{B25A2CF4-51EC-4B73-8379-78AB042E3F96}"
EndProject
Project("{8BC9CEB8-8B4A-11D0-8D11-00A0C91BC942}") = "SceneView", "Crystal\SceneView\SceneView.vcxproj", "{283F1C8C-66E9-4D4C-BE95-605F17738CC8}"
EndProject
Project("{8BC9CEB8-8B4A-11D0-8D11-00A0C91BC942}") = "AppBase", "Crystal\AppBase\AppBase.vcxproj", "{66A1065B-73E5-4862-AF0F-ADD2EFA732E1}"
EndProject
Project("{8BC9CEB8-8B4A-11D0-8D11-00A0C91BC942}") = "Space", "Crystal\Space\Space.vcxproj", "{9530D9D5-3A0E-4D2F-A151-44836E69854C}"
EndProject
Project("{8BC9CEB8-8B4A-11D0-8D11-00A0C91BC942}") = "SpaceView", "Crystal\SpaceView\SpaceView.vcxproj", "{BFC55E53-739B-46B1-B23C-E2148C00F06D}"
EndProject
Project("{8BC9CEB8-8B4A-11D0-8D11-00A0C91BC942}") = "MathTest", "CGLib\MathTest\MathTest.vcxproj", "{0F492A31-197C-43BE-896D-C4768BD37D05}"
EndProject
Project("{8BC9CEB8-8B4A-11D0-8D11-00A0C91BC942}") = "SpaceTest", "Crystal\SpaceTest\SpaceTest.vcxproj", "{6042B37D-57D4-46DD-84EF-86F1C0D7F595}"
EndProject
Project("{8BC9CEB8-8B4A-11D0-8D11-00A0C91BC942}") = "GraphicsTest", "CGLib\GraphicsTest\GraphicsTest.vcxproj", "{CCD27D9B-E370-4859-A08F-D3A610E78D69}"
EndProject
Project("{8BC9CEB8-8B4A-11D0-8D11-00A0C91BC942}") = "Fluid", "Physics\Fluid\Physics.vcxproj", "{F978FD4B-F39B-4E94-93B4-F9EF0A90D71E}"
EndProject
Project("{8BC9CEB8-8B4A-11D0-8D11-00A0C91BC942}") = "Shape", "CGLib\Shape\Shape.vcxproj", "{6A17C2EE-6107-45A8-A72C-6B8B55136ABF}"
EndProject
Project("{8BC9CEB8-8B4A-11D0-8D11-00A0C91BC942}") = "FluidView", "Physics\FluidView\PhysicsView.vcxproj", "{4EB8123B-F6E6-4027-AB9D-4930C58FF327}"
EndProject
Project("{8BC9CEB8-8B4A-11D0-8D11-00A0C91BC942}") = "Numerics", "Crystal\Numerics\Numerics\Numerics.vcxproj", "{65CA69AD-6106-4F1B-BACA-9C10359C31F5}"
EndProject
Project("{8BC9CEB8-8B4A-11D0-8D11-00A0C91BC942}") = "NumericsTest", "Crystal\Numerics\NumericsTest\NumericsTest.vcxproj", "{28A8AB21-19F3-489E-A183-FF61776D9E69}"
EndProject
Project("{8BC9CEB8-8B4A-11D0-8D11-00A0C91BC942}") = "FluidRenderer", "Physics\FluidRenderer\FluidRenderer.vcxproj", "{D9FE5F33-E69C-4E6A-8EBD-EC95458CE7B8}"
EndProject
Project("{2150E333-8FDC-42A3-9474-1A3956D46DE8}") = "SandBox", "SandBox", "{88256F3B-B2D3-4B4C-8F5C-D459728C6F10}"
	ProjectSection(SolutionItems) = preProject
		SandBox\PBRenderer\pch.cpp = SandBox\PBRenderer\pch.cpp
	EndProjectSection
EndProject
Project("{2150E333-8FDC-42A3-9474-1A3956D46DE8}") = "Physics", "Physics", "{BE8EED1F-16F8-4BC0-BB16-0E5BCC27998B}"
EndProject
Project("{2150E333-8FDC-42A3-9474-1A3956D46DE8}") = "CGLib", "CGLib", "{BC5F10FB-CF7E-4738-961D-8E65FB6E5CF3}"
EndProject
Project("{8BC9CEB8-8B4A-11D0-8D11-00A0C91BC942}") = "PBRenderer", "SandBox\PBRenderer\PBRenderer.vcxproj", "{FB804CBF-8AAE-410F-B25C-10505A2EAFE7}"
EndProject
Project("{8BC9CEB8-8B4A-11D0-8D11-00A0C91BC942}") = "PBRendererView", "SandBox\PBRendererView\PBRendererView.vcxproj", "{B3854359-D518-4571-9700-2C247D43FA09}"
EndProject
Global
	GlobalSection(SolutionConfigurationPlatforms) = preSolution
		Debug|x64 = Debug|x64
		Debug|x86 = Debug|x86
		Release|x64 = Release|x64
		Release|x86 = Release|x86
	EndGlobalSection
	GlobalSection(ProjectConfigurationPlatforms) = postSolution
		{43F2D582-49B6-425D-BF27-6B3A9A9A0ACB}.Debug|x64.ActiveCfg = Debug|x64
		{43F2D582-49B6-425D-BF27-6B3A9A9A0ACB}.Debug|x64.Build.0 = Debug|x64
		{43F2D582-49B6-425D-BF27-6B3A9A9A0ACB}.Debug|x86.ActiveCfg = Debug|Win32
		{43F2D582-49B6-425D-BF27-6B3A9A9A0ACB}.Debug|x86.Build.0 = Debug|Win32
		{43F2D582-49B6-425D-BF27-6B3A9A9A0ACB}.Release|x64.ActiveCfg = Release|x64
		{43F2D582-49B6-425D-BF27-6B3A9A9A0ACB}.Release|x64.Build.0 = Release|x64
		{43F2D582-49B6-425D-BF27-6B3A9A9A0ACB}.Release|x86.ActiveCfg = Release|Win32
		{43F2D582-49B6-425D-BF27-6B3A9A9A0ACB}.Release|x86.Build.0 = Release|Win32
		{E38D1457-C9DD-4670-95B0-1EEE416CCFFB}.Debug|x64.ActiveCfg = Debug|x64
		{E38D1457-C9DD-4670-95B0-1EEE416CCFFB}.Debug|x64.Build.0 = Debug|x64
		{E38D1457-C9DD-4670-95B0-1EEE416CCFFB}.Debug|x86.ActiveCfg = Debug|Win32
		{E38D1457-C9DD-4670-95B0-1EEE416CCFFB}.Debug|x86.Build.0 = Debug|Win32
		{E38D1457-C9DD-4670-95B0-1EEE416CCFFB}.Release|x64.ActiveCfg = Release|x64
		{E38D1457-C9DD-4670-95B0-1EEE416CCFFB}.Release|x64.Build.0 = Release|x64
		{E38D1457-C9DD-4670-95B0-1EEE416CCFFB}.Release|x86.ActiveCfg = Release|Win32
		{E38D1457-C9DD-4670-95B0-1EEE416CCFFB}.Release|x86.Build.0 = Release|Win32
		{02B12DC2-D4AF-4FA1-A2F0-B51326D3C1E6}.Debug|x64.ActiveCfg = Debug|x64
		{02B12DC2-D4AF-4FA1-A2F0-B51326D3C1E6}.Debug|x64.Build.0 = Debug|x64
		{02B12DC2-D4AF-4FA1-A2F0-B51326D3C1E6}.Debug|x86.ActiveCfg = Debug|Win32
		{02B12DC2-D4AF-4FA1-A2F0-B51326D3C1E6}.Debug|x86.Build.0 = Debug|Win32
		{02B12DC2-D4AF-4FA1-A2F0-B51326D3C1E6}.Release|x64.ActiveCfg = Release|x64
		{02B12DC2-D4AF-4FA1-A2F0-B51326D3C1E6}.Release|x64.Build.0 = Release|x64
		{02B12DC2-D4AF-4FA1-A2F0-B51326D3C1E6}.Release|x86.ActiveCfg = Release|Win32
		{02B12DC2-D4AF-4FA1-A2F0-B51326D3C1E6}.Release|x86.Build.0 = Release|Win32
		{58BFBFA8-9FFD-46DA-BEC2-9CD4244CB82B}.Debug|x64.ActiveCfg = Debug|x64
		{58BFBFA8-9FFD-46DA-BEC2-9CD4244CB82B}.Debug|x64.Build.0 = Debug|x64
		{58BFBFA8-9FFD-46DA-BEC2-9CD4244CB82B}.Debug|x86.ActiveCfg = Debug|Win32
		{58BFBFA8-9FFD-46DA-BEC2-9CD4244CB82B}.Debug|x86.Build.0 = Debug|Win32
		{58BFBFA8-9FFD-46DA-BEC2-9CD4244CB82B}.Release|x64.ActiveCfg = Release|x64
		{58BFBFA8-9FFD-46DA-BEC2-9CD4244CB82B}.Release|x64.Build.0 = Release|x64
		{58BFBFA8-9FFD-46DA-BEC2-9CD4244CB82B}.Release|x86.ActiveCfg = Release|Win32
		{58BFBFA8-9FFD-46DA-BEC2-9CD4244CB82B}.Release|x86.Build.0 = Release|Win32
		{33DF6D05-9610-4794-A1CD-3BC1D86E6A8E}.Debug|x64.ActiveCfg = Debug|x64
		{33DF6D05-9610-4794-A1CD-3BC1D86E6A8E}.Debug|x64.Build.0 = Debug|x64
		{33DF6D05-9610-4794-A1CD-3BC1D86E6A8E}.Debug|x86.ActiveCfg = Debug|Win32
		{33DF6D05-9610-4794-A1CD-3BC1D86E6A8E}.Debug|x86.Build.0 = Debug|Win32
		{33DF6D05-9610-4794-A1CD-3BC1D86E6A8E}.Release|x64.ActiveCfg = Release|x64
		{33DF6D05-9610-4794-A1CD-3BC1D86E6A8E}.Release|x64.Build.0 = Release|x64
		{33DF6D05-9610-4794-A1CD-3BC1D86E6A8E}.Release|x86.ActiveCfg = Release|Win32
		{33DF6D05-9610-4794-A1CD-3BC1D86E6A8E}.Release|x86.Build.0 = Release|Win32
		{B4138991-BD60-465F-AB44-64D49A9382C3}.Debug|x64.ActiveCfg = Debug|x64
		{B4138991-BD60-465F-AB44-64D49A9382C3}.Debug|x64.Build.0 = Debug|x64
		{B4138991-BD60-465F-AB44-64D49A9382C3}.Debug|x86.ActiveCfg = Debug|Win32
		{B4138991-BD60-465F-AB44-64D49A9382C3}.Debug|x86.Build.0 = Debug|Win32
		{B4138991-BD60-465F-AB44-64D49A9382C3}.Release|x64.ActiveCfg = Release|x64
		{B4138991-BD60-465F-AB44-64D49A9382C3}.Release|x64.Build.0 = Release|x64
		{B4138991-BD60-465F-AB44-64D49A9382C3}.Release|x86.ActiveCfg = Release|Win32
		{B4138991-BD60-465F-AB44-64D49A9382C3}.Release|x86.Build.0 = Release|Win32
		{8F772D35-8835-4288-941E-867F4E7E7F8F}.Debug|x64.ActiveCfg = Debug|x64
		{8F772D35-8835-4288-941E-867F4E7E7F8F}.Debug|x64.Build.0 = Debug|x64
		{8F772D35-8835-4288-941E-867F4E7E7F8F}.Debug|x86.ActiveCfg = Debug|Win32
		{8F772D35-8835-4288-941E-867F4E7E7F8F}.Debug|x86.Build.0 = Debug|Win32
		{8F772D35-8835-4288-941E-867F4E7E7F8F}.Release|x64.ActiveCfg = Release|x64
		{8F772D35-8835-4288-941E-867F4E7E7F8F}.Release|x64.Build.0 = Release|x64
		{8F772D35-8835-4288-941E-867F4E7E7F8F}.Release|x86.ActiveCfg = Release|Win32
		{8F772D35-8835-4288-941E-867F4E7E7F8F}.Release|x86.Build.0 = Release|Win32
		{B25A2CF4-51EC-4B73-8379-78AB042E3F96}.Debug|x64.ActiveCfg = Debug|x64
		{B25A2CF4-51EC-4B73-8379-78AB042E3F96}.Debug|x64.Build.0 = Debug|x64
		{B25A2CF4-51EC-4B73-8379-78AB042E3F96}.Debug|x86.ActiveCfg = Debug|Win32
		{B25A2CF4-51EC-4B73-8379-78AB042E3F96}.Debug|x86.Build.0 = Debug|Win32
		{B25A2CF4-51EC-4B73-8379-78AB042E3F96}.Release|x64.ActiveCfg = Release|x64
		{B25A2CF4-51EC-4B73-8379-78AB042E3F96}.Release|x64.Build.0 = Release|x64
		{B25A2CF4-51EC-4B73-8379-78AB042E3F96}.Release|x86.ActiveCfg = Release|Win32
		{B25A2CF4-51EC-4B73-8379-78AB042E3F96}.Release|x86.Build.0 = Release|Win32
		{283F1C8C-66E9-4D4C-BE95-605F17738CC8}.Debug|x64.ActiveCfg = Debug|x64
		{283F1C8C-66E9-4D4C-BE95-605F17738CC8}.Debug|x64.Build.0 = Debug|x64
		{283F1C8C-66E9-4D4C-BE95-605F17738CC8}.Debug|x86.ActiveCfg = Debug|Win32
		{283F1C8C-66E9-4D4C-BE95-605F17738CC8}.Debug|x86.Build.0 = Debug|Win32
		{283F1C8C-66E9-4D4C-BE95-605F17738CC8}.Release|x64.ActiveCfg = Release|x64
		{283F1C8C-66E9-4D4C-BE95-605F17738CC8}.Release|x64.Build.0 = Release|x64
		{283F1C8C-66E9-4D4C-BE95-605F17738CC8}.Release|x86.ActiveCfg = Release|Win32
		{283F1C8C-66E9-4D4C-BE95-605F17738CC8}.Release|x86.Build.0 = Release|Win32
		{66A1065B-73E5-4862-AF0F-ADD2EFA732E1}.Debug|x64.ActiveCfg = Debug|x64
		{66A1065B-73E5-4862-AF0F-ADD2EFA732E1}.Debug|x64.Build.0 = Debug|x64
		{66A1065B-73E5-4862-AF0F-ADD2EFA732E1}.Debug|x86.ActiveCfg = Debug|Win32
		{66A1065B-73E5-4862-AF0F-ADD2EFA732E1}.Debug|x86.Build.0 = Debug|Win32
		{66A1065B-73E5-4862-AF0F-ADD2EFA732E1}.Release|x64.ActiveCfg = Release|x64
		{66A1065B-73E5-4862-AF0F-ADD2EFA732E1}.Release|x64.Build.0 = Release|x64
		{66A1065B-73E5-4862-AF0F-ADD2EFA732E1}.Release|x86.ActiveCfg = Release|Win32
		{66A1065B-73E5-4862-AF0F-ADD2EFA732E1}.Release|x86.Build.0 = Release|Win32
		{9530D9D5-3A0E-4D2F-A151-44836E69854C}.Debug|x64.ActiveCfg = Debug|x64
		{9530D9D5-3A0E-4D2F-A151-44836E69854C}.Debug|x64.Build.0 = Debug|x64
		{9530D9D5-3A0E-4D2F-A151-44836E69854C}.Debug|x86.ActiveCfg = Debug|Win32
		{9530D9D5-3A0E-4D2F-A151-44836E69854C}.Debug|x86.Build.0 = Debug|Win32
		{9530D9D5-3A0E-4D2F-A151-44836E69854C}.Release|x64.ActiveCfg = Release|x64
		{9530D9D5-3A0E-4D2F-A151-44836E69854C}.Release|x64.Build.0 = Release|x64
		{9530D9D5-3A0E-4D2F-A151-44836E69854C}.Release|x86.ActiveCfg = Release|Win32
		{9530D9D5-3A0E-4D2F-A151-44836E69854C}.Release|x86.Build.0 = Release|Win32
		{BFC55E53-739B-46B1-B23C-E2148C00F06D}.Debug|x64.ActiveCfg = Debug|x64
		{BFC55E53-739B-46B1-B23C-E2148C00F06D}.Debug|x64.Build.0 = Debug|x64
		{BFC55E53-739B-46B1-B23C-E2148C00F06D}.Debug|x86.ActiveCfg = Debug|Win32
		{BFC55E53-739B-46B1-B23C-E2148C00F06D}.Debug|x86.Build.0 = Debug|Win32
		{BFC55E53-739B-46B1-B23C-E2148C00F06D}.Release|x64.ActiveCfg = Release|x64
		{BFC55E53-739B-46B1-B23C-E2148C00F06D}.Release|x64.Build.0 = Release|x64
		{BFC55E53-739B-46B1-B23C-E2148C00F06D}.Release|x86.ActiveCfg = Release|Win32
		{BFC55E53-739B-46B1-B23C-E2148C00F06D}.Release|x86.Build.0 = Release|Win32
		{0F492A31-197C-43BE-896D-C4768BD37D05}.Debug|x64.ActiveCfg = Debug|x64
		{0F492A31-197C-43BE-896D-C4768BD37D05}.Debug|x64.Build.0 = Debug|x64
		{0F492A31-197C-43BE-896D-C4768BD37D05}.Debug|x86.ActiveCfg = Debug|Win32
		{0F492A31-197C-43BE-896D-C4768BD37D05}.Debug|x86.Build.0 = Debug|Win32
		{0F492A31-197C-43BE-896D-C4768BD37D05}.Release|x64.ActiveCfg = Release|x64
		{0F492A31-197C-43BE-896D-C4768BD37D05}.Release|x64.Build.0 = Release|x64
		{0F492A31-197C-43BE-896D-C4768BD37D05}.Release|x86.ActiveCfg = Release|Win32
		{0F492A31-197C-43BE-896D-C4768BD37D05}.Release|x86.Build.0 = Release|Win32
		{6042B37D-57D4-46DD-84EF-86F1C0D7F595}.Debug|x64.ActiveCfg = Debug|x64
		{6042B37D-57D4-46DD-84EF-86F1C0D7F595}.Debug|x64.Build.0 = Debug|x64
		{6042B37D-57D4-46DD-84EF-86F1C0D7F595}.Debug|x86.ActiveCfg = Debug|Win32
		{6042B37D-57D4-46DD-84EF-86F1C0D7F595}.Debug|x86.Build.0 = Debug|Win32
		{6042B37D-57D4-46DD-84EF-86F1C0D7F595}.Release|x64.ActiveCfg = Release|x64
		{6042B37D-57D4-46DD-84EF-86F1C0D7F595}.Release|x64.Build.0 = Release|x64
		{6042B37D-57D4-46DD-84EF-86F1C0D7F595}.Release|x86.ActiveCfg = Release|Win32
		{6042B37D-57D4-46DD-84EF-86F1C0D7F595}.Release|x86.Build.0 = Release|Win32
		{CCD27D9B-E370-4859-A08F-D3A610E78D69}.Debug|x64.ActiveCfg = Debug|x64
		{CCD27D9B-E370-4859-A08F-D3A610E78D69}.Debug|x64.Build.0 = Debug|x64
		{CCD27D9B-E370-4859-A08F-D3A610E78D69}.Debug|x86.ActiveCfg = Debug|Win32
		{CCD27D9B-E370-4859-A08F-D3A610E78D69}.Debug|x86.Build.0 = Debug|Win32
		{CCD27D9B-E370-4859-A08F-D3A610E78D69}.Release|x64.ActiveCfg = Release|x64
		{CCD27D9B-E370-4859-A08F-D3A610E78D69}.Release|x64.Build.0 = Release|x64
		{CCD27D9B-E370-4859-A08F-D3A610E78D69}.Release|x86.ActiveCfg = Release|Win32
		{CCD27D9B-E370-4859-A08F-D3A610E78D69}.Release|x86.Build.0 = Release|Win32
		{F978FD4B-F39B-4E94-93B4-F9EF0A90D71E}.Debug|x64.ActiveCfg = Debug|x64
		{F978FD4B-F39B-4E94-93B4-F9EF0A90D71E}.Debug|x64.Build.0 = Debug|x64
		{F978FD4B-F39B-4E94-93B4-F9EF0A90D71E}.Debug|x86.ActiveCfg = Debug|Win32
		{F978FD4B-F39B-4E94-93B4-F9EF0A90D71E}.Debug|x86.Build.0 = Debug|Win32
		{F978FD4B-F39B-4E94-93B4-F9EF0A90D71E}.Release|x64.ActiveCfg = Release|x64
		{F978FD4B-F39B-4E94-93B4-F9EF0A90D71E}.Release|x64.Build.0 = Release|x64
		{F978FD4B-F39B-4E94-93B4-F9EF0A90D71E}.Release|x86.ActiveCfg = Release|Win32
		{F978FD4B-F39B-4E94-93B4-F9EF0A90D71E}.Release|x86.Build.0 = Release|Win32
		{6A17C2EE-6107-45A8-A72C-6B8B55136ABF}.Debug|x64.ActiveCfg = Debug|x64
		{6A17C2EE-6107-45A8-A72C-6B8B55136ABF}.Debug|x64.Build.0 = Debug|x64
		{6A17C2EE-6107-45A8-A72C-6B8B55136ABF}.Debug|x86.ActiveCfg = Debug|Win32
		{6A17C2EE-6107-45A8-A72C-6B8B55136ABF}.Debug|x86.Build.0 = Debug|Win32
		{6A17C2EE-6107-45A8-A72C-6B8B55136ABF}.Release|x64.ActiveCfg = Release|x64
		{6A17C2EE-6107-45A8-A72C-6B8B55136ABF}.Release|x64.Build.0 = Release|x64
		{6A17C2EE-6107-45A8-A72C-6B8B55136ABF}.Release|x86.ActiveCfg = Release|Win32
		{6A17C2EE-6107-45A8-A72C-6B8B55136ABF}.Release|x86.Build.0 = Release|Win32
		{4EB8123B-F6E6-4027-AB9D-4930C58FF327}.Debug|x64.ActiveCfg = Debug|x64
		{4EB8123B-F6E6-4027-AB9D-4930C58FF327}.Debug|x64.Build.0 = Debug|x64
		{4EB8123B-F6E6-4027-AB9D-4930C58FF327}.Debug|x86.ActiveCfg = Debug|Win32
		{4EB8123B-F6E6-4027-AB9D-4930C58FF327}.Debug|x86.Build.0 = Debug|Win32
		{4EB8123B-F6E6-4027-AB9D-4930C58FF327}.Release|x64.ActiveCfg = Release|x64
		{4EB8123B-F6E6-4027-AB9D-4930C58FF327}.Release|x64.Build.0 = Release|x64
		{4EB8123B-F6E6-4027-AB9D-4930C58FF327}.Release|x86.ActiveCfg = Release|Win32
		{4EB8123B-F6E6-4027-AB9D-4930C58FF327}.Release|x86.Build.0 = Release|Win32
		{65CA69AD-6106-4F1B-BACA-9C10359C31F5}.Debug|x64.ActiveCfg = Debug|x64
		{65CA69AD-6106-4F1B-BACA-9C10359C31F5}.Debug|x64.Build.0 = Debug|x64
		{65CA69AD-6106-4F1B-BACA-9C10359C31F5}.Debug|x86.ActiveCfg = Debug|Win32
		{65CA69AD-6106-4F1B-BACA-9C10359C31F5}.Debug|x86.Build.0 = Debug|Win32
		{65CA69AD-6106-4F1B-BACA-9C10359C31F5}.Release|x64.ActiveCfg = Release|x64
		{65CA69AD-6106-4F1B-BACA-9C10359C31F5}.Release|x64.Build.0 = Release|x64
		{65CA69AD-6106-4F1B-BACA-9C10359C31F5}.Release|x86.ActiveCfg = Release|Win32
		{65CA69AD-6106-4F1B-BACA-9C10359C31F5}.Release|x86.Build.0 = Release|Win32
		{28A8AB21-19F3-489E-A183-FF61776D9E69}.Debug|x64.ActiveCfg = Debug|x64
		{28A8AB21-19F3-489E-A183-FF61776D9E69}.Debug|x64.Build.0 = Debug|x64
		{28A8AB21-19F3-489E-A183-FF61776D9E69}.Debug|x86.ActiveCfg = Debug|Win32
		{28A8AB21-19F3-489E-A183-FF61776D9E69}.Debug|x86.Build.0 = Debug|Win32
		{28A8AB21-19F3-489E-A183-FF61776D9E69}.Release|x64.ActiveCfg = Release|x64
		{28A8AB21-19F3-489E-A183-FF61776D9E69}.Release|x64.Build.0 = Release|x64
		{28A8AB21-19F3-489E-A183-FF61776D9E69}.Release|x86.ActiveCfg = Release|Win32
		{28A8AB21-19F3-489E-A183-FF61776D9E69}.Release|x86.Build.0 = Release|Win32
		{D9FE5F33-E69C-4E6A-8EBD-EC95458CE7B8}.Debug|x64.ActiveCfg = Debug|x64
		{D9FE5F33-E69C-4E6A-8EBD-EC95458CE7B8}.Debug|x64.Build.0 = Debug|x64
		{D9FE5F33-E69C-4E6A-8EBD-EC95458CE7B8}.Debug|x86.ActiveCfg = Debug|Win32
		{D9FE5F33-E69C-4E6A-8EBD-EC95458CE7B8}.Debug|x86.Build.0 = Debug|Win32
		{D9FE5F33-E69C-4E6A-8EBD-EC95458CE7B8}.Release|x64.ActiveCfg = Release|x64
		{D9FE5F33-E69C-4E6A-8EBD-EC95458CE7B8}.Release|x64.Build.0 = Release|x64
		{D9FE5F33-E69C-4E6A-8EBD-EC95458CE7B8}.Release|x86.ActiveCfg = Release|Win32
		{D9FE5F33-E69C-4E6A-8EBD-EC95458CE7B8}.Release|x86.Build.0 = Release|Win32
		{FB804CBF-8AAE-410F-B25C-10505A2EAFE7}.Debug|x64.ActiveCfg = Debug|x64
		{FB804CBF-8AAE-410F-B25C-10505A2EAFE7}.Debug|x64.Build.0 = Debug|x64
		{FB804CBF-8AAE-410F-B25C-10505A2EAFE7}.Debug|x86.ActiveCfg = Debug|Win32
		{FB804CBF-8AAE-410F-B25C-10505A2EAFE7}.Debug|x86.Build.0 = Debug|Win32
		{FB804CBF-8AAE-410F-B25C-10505A2EAFE7}.Release|x64.ActiveCfg = Release|x64
		{FB804CBF-8AAE-410F-B25C-10505A2EAFE7}.Release|x64.Build.0 = Release|x64
		{FB804CBF-8AAE-410F-B25C-10505A2EAFE7}.Release|x86.ActiveCfg = Release|Win32
		{FB804CBF-8AAE-410F-B25C-10505A2EAFE7}.Release|x86.Build.0 = Release|Win32
		{B3854359-D518-4571-9700-2C247D43FA09}.Debug|x64.ActiveCfg = Debug|x64
		{B3854359-D518-4571-9700-2C247D43FA09}.Debug|x64.Build.0 = Debug|x64
		{B3854359-D518-4571-9700-2C247D43FA09}.Debug|x86.ActiveCfg = Debug|Win32
		{B3854359-D518-4571-9700-2C247D43FA09}.Debug|x86.Build.0 = Debug|Win32
		{B3854359-D518-4571-9700-2C247D43FA09}.Release|x64.ActiveCfg = Release|x64
		{B3854359-D518-4571-9700-2C247D43FA09}.Release|x64.Build.0 = Release|x64
		{B3854359-D518-4571-9700-2C247D43FA09}.Release|x86.ActiveCfg = Release|Win32
		{B3854359-D518-4571-9700-2C247D43FA09}.Release|x86.Build.0 = Release|Win32
	EndGlobalSection
	GlobalSection(SolutionProperties) = preSolution
		HideSolutionNode = FALSE
	EndGlobalSection
	GlobalSection(NestedProjects) = preSolution
		{43F2D582-49B6-425D-BF27-6B3A9A9A0ACB} = {BC5F10FB-CF7E-4738-961D-8E65FB6E5CF3}
		{02B12DC2-D4AF-4FA1-A2F0-B51326D3C1E6} = {BC5F10FB-CF7E-4738-961D-8E65FB6E5CF3}
		{33DF6D05-9610-4794-A1CD-3BC1D86E6A8E} = {BC5F10FB-CF7E-4738-961D-8E65FB6E5CF3}
		{B25A2CF4-51EC-4B73-8379-78AB042E3F96} = {BC5F10FB-CF7E-4738-961D-8E65FB6E5CF3}
		{0F492A31-197C-43BE-896D-C4768BD37D05} = {BC5F10FB-CF7E-4738-961D-8E65FB6E5CF3}
		{CCD27D9B-E370-4859-A08F-D3A610E78D69} = {BC5F10FB-CF7E-4738-961D-8E65FB6E5CF3}
		{F978FD4B-F39B-4E94-93B4-F9EF0A90D71E} = {BE8EED1F-16F8-4BC0-BB16-0E5BCC27998B}
		{6A17C2EE-6107-45A8-A72C-6B8B55136ABF} = {BC5F10FB-CF7E-4738-961D-8E65FB6E5CF3}
		{4EB8123B-F6E6-4027-AB9D-4930C58FF327} = {BE8EED1F-16F8-4BC0-BB16-0E5BCC27998B}
		{D9FE5F33-E69C-4E6A-8EBD-EC95458CE7B8} = {BE8EED1F-16F8-4BC0-BB16-0E5BCC27998B}
		{FB804CBF-8AAE-410F-B25C-10505A2EAFE7} = {88256F3B-B2D3-4B4C-8F5C-D459728C6F10}
		{B3854359-D518-4571-9700-2C247D43FA09} = {88256F3B-B2D3-4B4C-8F5C-D459728C6F10}
	EndGlobalSection
	GlobalSection(ExtensibilityGlobals) = postSolution
		SolutionGuid = {14F21C0B-73C4-4FBE-B9C4-3C35D8F4EA88}
	EndGlobalSection
EndGlobal
