<?xml version="1.0" encoding="utf-8"?>
<Project ToolsVersion="4.0" xmlns="http://schemas.microsoft.com/developer/msbuild/2003">
  <ItemGroup>
    <ClCompile Include="SpaceView.cpp" />
    <ClCompile Include="SpaceMenu.cpp" />
    <ClCompile Include="SpaceHashView.cpp" />
    <ClCompile Include="CompactSpaceHashView.cpp" />
    <ClCompile Include="Renderer.cpp" />
    <ClCompile Include="SignedDistanceCalculatorView.cpp" />
    <ClCompile Include="DistanceScene.cpp">
      <Filter>DistanceScene</Filter>
    </ClCompile>
  </ItemGroup>
  <ItemGroup>
    <ClInclude Include="SpaceMenu.h" />
    <ClInclude Include="SpaceHashView.h" />
    <ClInclude Include="CompactSpaceHashView.h" />
    <ClInclude Include="World.h" />
    <ClInclude Include="Renderer.h" />
    <ClInclude Include="SignedDistanceCalculatorView.h" />
    <ClInclude Include="DistanceScene.h">
      <Filter>DistanceScene</Filter>
    </ClInclude>
  </ItemGroup>
  <ItemGroup>
    <None Include="packages.config" />
  </ItemGroup>
  <ItemGroup>
    <Filter Include="DistanceScene">
      <UniqueIdentifier>{91c0e155-ae92-4ef3-8953-ed2fe4240852}</UniqueIdentifier>
    </Filter>
  </ItemGroup>
</Project>