<?xml version="1.0" encoding="utf-8"?>
<Project ToolsVersion="4.0" xmlns="http://schemas.microsoft.com/developer/msbuild/2003">
  <ItemGroup>
    <ClInclude Include="ZOrderCurve3d.h" />
    <ClInclude Include="ZOrderCurve2d.h" />
    <ClInclude Include="MarchingCubesTable.h" />
    <ClInclude Include="LinearOctreeIndex.h" />
    <ClInclude Include="IndexedParticle.h">
      <Filter>Indexed</Filter>
    </ClInclude>
    <ClInclude Include="IndexedSortBasedSeacher.h">
      <Filter>Indexed</Filter>
    </ClInclude>
    <ClInclude Include="IntersectionCalculator.h">
      <Filter>Intersection</Filter>
    </ClInclude>
    <ClInclude Include="DistanceCalculator.h">
      <Filter>Distance</Filter>
    </ClInclude>
    <ClInclude Include="CompactSpaceHash.h">
      <Filter>SpaceHash</Filter>
    </ClInclude>
    <ClInclude Include="SpaceHash.h">
      <Filter>SpaceHash</Filter>
    </ClInclude>
  </ItemGroup>
  <ItemGroup>
    <ClCompile Include="ZOrderCurve3d.cpp" />
    <ClCompile Include="ZOrderCurve2d.cpp" />
    <ClCompile Include="LinearOctreeIndex.cpp" />
    <ClCompile Include="IndexedParticle.cpp">
      <Filter>Indexed</Filter>
    </ClCompile>
    <ClCompile Include="IndexedSortBasedSearcher.cpp">
      <Filter>Indexed</Filter>
    </ClCompile>
    <ClCompile Include="IntersectionCalculator.cpp">
      <Filter>Intersection</Filter>
    </ClCompile>
    <ClCompile Include="DistanceCalculator.cpp">
      <Filter>Distance</Filter>
    </ClCompile>
    <ClCompile Include="SpaceHash.cpp">
      <Filter>SpaceHash</Filter>
    </ClCompile>
    <ClCompile Include="CompactSpaceHash.cpp">
      <Filter>SpaceHash</Filter>
    </ClCompile>
  </ItemGroup>
  <ItemGroup>
    <Filter Include="Indexed">
      <UniqueIdentifier>{3ddb502a-48bc-435d-8514-6531f33ef1a9}</UniqueIdentifier>
    </Filter>
    <Filter Include="Distance">
      <UniqueIdentifier>{f61fa733-682c-4d91-94a4-9014928370b7}</UniqueIdentifier>
    </Filter>
    <Filter Include="Intersection">
      <UniqueIdentifier>{e16a81c3-75fb-4aed-b581-7bae88a93311}</UniqueIdentifier>
    </Filter>
    <Filter Include="SpaceHash">
      <UniqueIdentifier>{95f2c85d-ef80-4d60-ad35-a61e7ccc8e59}</UniqueIdentifier>
    </Filter>
  </ItemGroup>
</Project>