<?xml version="1.0" encoding="utf-8"?>
<Project ToolsVersion="4.0" xmlns="http://schemas.microsoft.com/developer/msbuild/2003">
  <ItemGroup>
    <ClCompile Include="FluidRenderer.cpp" />
    <ClCompile Include="ParticleDepthRenderer.cpp">
      <Filter>ParticleDepth</Filter>
    </ClCompile>
    <ClCompile Include="BilateralFilterRenderer.cpp">
      <Filter>BilateralFilter</Filter>
    </ClCompile>
    <ClCompile Include="AbsorptionRenderer.cpp">
      <Filter>Absorption</Filter>
    </ClCompile>
  </ItemGroup>
  <ItemGroup>
    <Filter Include="ParticleDepth">
      <UniqueIdentifier>{55bed720-e9cf-49de-b0f1-d364ab4ea126}</UniqueIdentifier>
    </Filter>
    <Filter Include="BilateralFilter">
      <UniqueIdentifier>{e053c457-03bf-4501-9612-64abfd63a73b}</UniqueIdentifier>
    </Filter>
    <Filter Include="Absorption">
      <UniqueIdentifier>{f8248923-38a6-45bd-a69f-172d6b1d10ae}</UniqueIdentifier>
    </Filter>
    <Filter Include="Thickness">
      <UniqueIdentifier>{8fda793a-52b9-4ce6-bf27-95dd1d70a7e4}</UniqueIdentifier>
    </Filter>
  </ItemGroup>
  <ItemGroup>
    <None Include="GLSL\ParticleDepth.glfs">
      <Filter>ParticleDepth</Filter>
    </None>
    <None Include="GLSL\ParticleDepth.glvs">
      <Filter>ParticleDepth</Filter>
    </None>
    <None Include="GLSL\BilateralFilter.glfs">
      <Filter>BilateralFilter</Filter>
    </None>
    <None Include="GLSL\BilateralFilter.glvs">
      <Filter>BilateralFilter</Filter>
    </None>
    <None Include="GLSL\SSAbsorption.glfs">
      <Filter>Absorption</Filter>
    </None>
    <None Include="GLSL\SSAbsorption.glvs">
      <Filter>Absorption</Filter>
    </None>
    <None Include="GLSL\SSThickness.glfs">
      <Filter>Thickness</Filter>
    </None>
    <None Include="GLSL\SSThickness.glvs">
      <Filter>Thickness</Filter>
    </None>
  </ItemGroup>
  <ItemGroup>
    <ClInclude Include="ParticleDepthRenderer.h">
      <Filter>ParticleDepth</Filter>
    </ClInclude>
    <ClInclude Include="BilateralFilterRenderer.h">
      <Filter>BilateralFilter</Filter>
    </ClInclude>
    <ClInclude Include="AbsorptionRenderer.h">
      <Filter>Absorption</Filter>
    </ClInclude>
  </ItemGroup>
</Project>