<?xml version="1.0" encoding="utf-8"?>
<Project ToolsVersion="4.0" xmlns="http://schemas.microsoft.com/developer/msbuild/2003">
  <ItemGroup>
    <ClInclude Include="DensityEstimator.h" />
    <ClInclude Include="GaussianFunc.h" />
    <ClInclude Include="PLYFile.h">
      <Filter>IO</Filter>
    </ClInclude>
    <ClInclude Include="PLYFileReader.h">
      <Filter>IO</Filter>
    </ClInclude>
    <ClInclude Include="PLYFileWriter.h">
      <Filter>IO</Filter>
    </ClInclude>
    <ClInclude Include="NormalEstimator.h" />
  </ItemGroup>
  <ItemGroup>
    <ClCompile Include="DensityEstimator.cpp" />
    <ClCompile Include="GaussianFunc.cpp" />
    <ClCompile Include="PLYFileReader.cpp">
      <Filter>IO</Filter>
    </ClCompile>
    <ClCompile Include="PLYFileWriter.cpp">
      <Filter>IO</Filter>
    </ClCompile>
    <ClCompile Include="NormalEstimator.cpp" />
  </ItemGroup>
  <ItemGroup>
    <Filter Include="IO">
      <UniqueIdentifier>{5ae5b096-91ae-43ba-ae83-1edda31eb34b}</UniqueIdentifier>
    </Filter>
  </ItemGroup>
</Project>