<?xml version="1.0" encoding="utf-8"?>
<Project ToolsVersion="4.0" xmlns="http://schemas.microsoft.com/developer/msbuild/2003">
  <ItemGroup>
    <ClCompile Include="main.cpp" />
    <ClCompile Include="ParticleSystemMenu.cpp" />
    <ClCompile Include="ShapeMenu.cpp" />
    <ClCompile Include="WireFrameMenu.cpp" />
    <ClCompile Include="Renderer.cpp" />
    <ClCompile Include="PSBoxView.cpp">
      <Filter>ParticleSystem</Filter>
    </ClCompile>
    <ClCompile Include="PSSphereView.cpp">
      <Filter>ParticleSystem</Filter>
    </ClCompile>
    <ClCompile Include="WFBoxView.cpp">
      <Filter>WireFrame</Filter>
    </ClCompile>
    <ClCompile Include="WFCylinderView.cpp">
      <Filter>WireFrame</Filter>
    </ClCompile>
    <ClCompile Include="WFEllipseView.cpp">
      <Filter>WireFrame</Filter>
    </ClCompile>
    <ClCompile Include="WFEllipsoidView.cpp">
      <Filter>WireFrame</Filter>
    </ClCompile>
    <ClCompile Include="WFLineView.cpp">
      <Filter>WireFrame</Filter>
    </ClCompile>
    <ClCompile Include="WFSphereView.cpp">
      <Filter>WireFrame</Filter>
    </ClCompile>
    <ClCompile Include="TMBoxView.cpp">
      <Filter>TriangleMesh</Filter>
    </ClCompile>
    <ClCompile Include="TriangleMeshMenu.cpp" />
    <ClCompile Include="TMSphereView.cpp">
      <Filter>TriangleMesh</Filter>
    </ClCompile>
    <ClCompile Include="TMCylinderView.cpp">
      <Filter>TriangleMesh</Filter>
    </ClCompile>
    <ClCompile Include="TriangleMeshPresenter.cpp">
      <Filter>TriangleMesh</Filter>
    </ClCompile>
    <ClCompile Include="WireFramePresenter.cpp">
      <Filter>WireFrame</Filter>
    </ClCompile>
    <ClCompile Include="WireFrameScene.cpp">
      <Filter>WireFrame</Filter>
    </ClCompile>
    <ClCompile Include="ParticleSystemPresenter.cpp">
      <Filter>ParticleSystem</Filter>
    </ClCompile>
    <ClCompile Include="ParticleSystemScene.cpp">
      <Filter>ParticleSystem</Filter>
    </ClCompile>
    <ClCompile Include="TriangleMesh.cpp">
      <Filter>TriangleMesh</Filter>
    </ClCompile>
    <ClCompile Include="TriangleMeshBuilder.cpp">
      <Filter>TriangleMesh</Filter>
    </ClCompile>
    <ClCompile Include="WireFrame.cpp">
      <Filter>WireFrame</Filter>
    </ClCompile>
    <ClCompile Include="WireFrameBuilder.cpp">
      <Filter>WireFrame</Filter>
    </ClCompile>
    <ClCompile Include="ParticleSystem.cpp">
      <Filter>ParticleSystem</Filter>
    </ClCompile>
    <ClCompile Include="ParticleSystemBuilder.cpp">
      <Filter>ParticleSystem</Filter>
    </ClCompile>
    <ClCompile Include="World.cpp" />
    <ClCompile Include="ParticleSystemIdPresenter.cpp">
      <Filter>ParticleSystem</Filter>
    </ClCompile>
    <ClCompile Include="RendererMenu.cpp" />
    <ClCompile Include="CtrlMenu.cpp" />
  </ItemGroup>
  <ItemGroup>
    <None Include="packages.config" />
  </ItemGroup>
  <ItemGroup>
    <ClInclude Include="World.h" />
    <ClInclude Include="Renderer.h" />
    <ClInclude Include="ParticleSystemMenu.h" />
    <ClInclude Include="ShapeMenu.h" />
    <ClInclude Include="WireFrameMenu.h" />
    <ClInclude Include="PSBoxView.h">
      <Filter>ParticleSystem</Filter>
    </ClInclude>
    <ClInclude Include="PSSphereView.h">
      <Filter>ParticleSystem</Filter>
    </ClInclude>
    <ClInclude Include="WFBoxView.h">
      <Filter>WireFrame</Filter>
    </ClInclude>
    <ClInclude Include="WFCylinderView.h">
      <Filter>WireFrame</Filter>
    </ClInclude>
    <ClInclude Include="WFEllipseView.h">
      <Filter>WireFrame</Filter>
    </ClInclude>
    <ClInclude Include="WFEllipsoidView.h">
      <Filter>WireFrame</Filter>
    </ClInclude>
    <ClInclude Include="WFLineView.h">
      <Filter>WireFrame</Filter>
    </ClInclude>
    <ClInclude Include="WFSphereView.h">
      <Filter>WireFrame</Filter>
    </ClInclude>
    <ClInclude Include="TMBoxView.h">
      <Filter>TriangleMesh</Filter>
    </ClInclude>
    <ClInclude Include="TriangleMeshMenu.h" />
    <ClInclude Include="TMSphereView.h">
      <Filter>TriangleMesh</Filter>
    </ClInclude>
    <ClInclude Include="TMCylinderView.h">
      <Filter>TriangleMesh</Filter>
    </ClInclude>
    <ClInclude Include="TriangleMeshPresenter.h">
      <Filter>TriangleMesh</Filter>
    </ClInclude>
    <ClInclude Include="TriangleMeshScene.h">
      <Filter>TriangleMesh</Filter>
    </ClInclude>
    <ClInclude Include="WireFramePresenter.h">
      <Filter>WireFrame</Filter>
    </ClInclude>
    <ClInclude Include="WireFrameScene.h">
      <Filter>WireFrame</Filter>
    </ClInclude>
    <ClInclude Include="ParticleSystemPresenter.h">
      <Filter>ParticleSystem</Filter>
    </ClInclude>
    <ClInclude Include="ParticleSystemScene.h">
      <Filter>ParticleSystem</Filter>
    </ClInclude>
    <ClInclude Include="TriangleMesh.h">
      <Filter>TriangleMesh</Filter>
    </ClInclude>
    <ClInclude Include="TriangleMeshBuilder.h">
      <Filter>TriangleMesh</Filter>
    </ClInclude>
    <ClInclude Include="WireFrame.h">
      <Filter>WireFrame</Filter>
    </ClInclude>
    <ClInclude Include="WireFrameBuilder.h">
      <Filter>WireFrame</Filter>
    </ClInclude>
    <ClInclude Include="ParticleSystem.h">
      <Filter>ParticleSystem</Filter>
    </ClInclude>
    <ClInclude Include="ParticleSystemBuilder.h">
      <Filter>ParticleSystem</Filter>
    </ClInclude>
    <ClInclude Include="ParticleSystemIdPresenter.h">
      <Filter>ParticleSystem</Filter>
    </ClInclude>
    <ClInclude Include="RendererMenu.h" />
    <ClInclude Include="CtrlMenu.h" />
    <ClInclude Include="IVertex.h" />
  </ItemGroup>
  <ItemGroup>
    <Filter Include="ParticleSystem">
      <UniqueIdentifier>{4f61ef5e-6827-4dd0-a8de-33cb41c359a4}</UniqueIdentifier>
    </Filter>
    <Filter Include="WireFrame">
      <UniqueIdentifier>{55f2ed34-32cb-4012-8ba4-01813d811c05}</UniqueIdentifier>
    </Filter>
    <Filter Include="TriangleMesh">
      <UniqueIdentifier>{7332979a-5eaf-4202-b8d9-20ad57e1f5e8}</UniqueIdentifier>
    </Filter>
  </ItemGroup>
</Project>