<?xml version="1.0" encoding="utf-8"?>
<Project ToolsVersion="4.0" xmlns="http://schemas.microsoft.com/developer/msbuild/2003">
  <ItemGroup>
    <ClCompile Include="main.cpp" />
    <ClCompile Include="Renderer.cpp" />
    <ClCompile Include="ParticleSystemPresenter.cpp">
      <Filter>ParticleSystem</Filter>
    </ClCompile>
    <ClCompile Include="WireFramePresenter.cpp">
      <Filter>WireFrame</Filter>
    </ClCompile>
  </ItemGroup>
  <ItemGroup>
    <None Include="packages.config" />
  </ItemGroup>
  <ItemGroup>
    <ClInclude Include="Renderer.h" />
    <ClInclude Include="ParticleSystemPresenter.h">
      <Filter>ParticleSystem</Filter>
    </ClInclude>
    <ClInclude Include="WireFramePresenter.h">
      <Filter>WireFrame</Filter>
    </ClInclude>
  </ItemGroup>
  <ItemGroup>
    <Filter Include="ParticleSystem">
      <UniqueIdentifier>{76303787-75f6-47a0-b26e-d857518f7298}</UniqueIdentifier>
    </Filter>
    <Filter Include="WireFrame">
      <UniqueIdentifier>{f4b81234-5bd6-465f-b967-895c794bc8fb}</UniqueIdentifier>
    </Filter>
  </ItemGroup>
</Project>