<?xml version="1.0" encoding="utf-8"?>
<Project ToolsVersion="4.0" xmlns="http://schemas.microsoft.com/developer/msbuild/2003">
  <ItemGroup>
    <ClCompile Include="main.cpp" />
    <ClCompile Include="ParticleSystemMenu.cpp" />
    <ClCompile Include="ShapeMenu.cpp" />
    <ClCompile Include="WireFrameMenu.cpp" />
    <ClCompile Include="Renderer.cpp" />
    <ClCompile Include="PSBoxView.cpp">
      <Filter>ParticleSystem</Filter>
    </ClCompile>
    <ClCompile Include="PSSphereView.cpp">
      <Filter>ParticleSystem</Filter>
    </ClCompile>
    <ClCompile Include="WFBoxView.cpp">
      <Filter>WireFrame</Filter>
    </ClCompile>
    <ClCompile Include="WFCylinderView.cpp">
      <Filter>WireFrame</Filter>
    </ClCompile>
    <ClCompile Include="WFEllipseView.cpp">
      <Filter>WireFrame</Filter>
    </ClCompile>
    <ClCompile Include="WFEllipsoidView.cpp">
      <Filter>WireFrame</Filter>
    </ClCompile>
    <ClCompile Include="WFLineView.cpp">
      <Filter>WireFrame</Filter>
    </ClCompile>
    <ClCompile Include="WFSphereView.cpp">
      <Filter>WireFrame</Filter>
    </ClCompile>
    <ClCompile Include="PMBoxView.cpp">
      <Filter>PolygonMesh</Filter>
    </ClCompile>
    <ClCompile Include="TMBoxView.cpp">
      <Filter>TriangleMesh</Filter>
    </ClCompile>
    <ClCompile Include="TriangleMeshMenu.cpp" />
  </ItemGroup>
  <ItemGroup>
    <None Include="packages.config" />
  </ItemGroup>
  <ItemGroup>
    <ClInclude Include="World.h" />
    <ClInclude Include="Renderer.h" />
    <ClInclude Include="ParticleSystemMenu.h" />
    <ClInclude Include="ShapeMenu.h" />
    <ClInclude Include="WireFrameMenu.h" />
    <ClInclude Include="PSBoxView.h">
      <Filter>ParticleSystem</Filter>
    </ClInclude>
    <ClInclude Include="PSSphereView.h">
      <Filter>ParticleSystem</Filter>
    </ClInclude>
    <ClInclude Include="WFBoxView.h">
      <Filter>WireFrame</Filter>
    </ClInclude>
    <ClInclude Include="WFCylinderView.h">
      <Filter>WireFrame</Filter>
    </ClInclude>
    <ClInclude Include="WFEllipseView.h">
      <Filter>WireFrame</Filter>
    </ClInclude>
    <ClInclude Include="WFEllipsoidView.h">
      <Filter>WireFrame</Filter>
    </ClInclude>
    <ClInclude Include="WFLineView.h">
      <Filter>WireFrame</Filter>
    </ClInclude>
    <ClInclude Include="WFSphereView.h">
      <Filter>WireFrame</Filter>
    </ClInclude>
    <ClInclude Include="PMBoxView.h">
      <Filter>PolygonMesh</Filter>
    </ClInclude>
    <ClInclude Include="TMBoxView.h">
      <Filter>TriangleMesh</Filter>
    </ClInclude>
    <ClInclude Include="TriangleMeshMenu.h" />
  </ItemGroup>
  <ItemGroup>
    <Filter Include="ParticleSystem">
      <UniqueIdentifier>{4f61ef5e-6827-4dd0-a8de-33cb41c359a4}</UniqueIdentifier>
    </Filter>
    <Filter Include="WireFrame">
      <UniqueIdentifier>{55f2ed34-32cb-4012-8ba4-01813d811c05}</UniqueIdentifier>
    </Filter>
    <Filter Include="TriangleMesh">
      <UniqueIdentifier>{7332979a-5eaf-4202-b8d9-20ad57e1f5e8}</UniqueIdentifier>
    </Filter>
    <Filter Include="PolygonMesh">
      <UniqueIdentifier>{64b0674c-cd73-4611-a0f0-aaa40ad5225a}</UniqueIdentifier>
    </Filter>
  </ItemGroup>
</Project>