<?xml version="1.0" encoding="utf-8"?>
<Project ToolsVersion="4.0" xmlns="http://schemas.microsoft.com/developer/msbuild/2003">
  <ItemGroup>
    <ClInclude Include="IRenderer.h" />
    <ClInclude Include="SkyBoxRenderer.h">
      <Filter>SkyBox</Filter>
    </ClInclude>
    <ClInclude Include="PBLightRenderer.h">
      <Filter>PBLight</Filter>
    </ClInclude>
    <ClInclude Include="PointRenderer.h">
      <Filter>Point</Filter>
    </ClInclude>
    <ClInclude Include="DFAlbedoRenderer.h">
      <Filter>Deffered\DFAlbedo</Filter>
    </ClInclude>
    <ClInclude Include="DFGeometryRenderer.h">
      <Filter>Deffered\DFGeometry</Filter>
    </ClInclude>
    <ClInclude Include="DFLightRenderer.h">
      <Filter>Deffered\DFLight</Filter>
    </ClInclude>
  </ItemGroup>
  <ItemGroup>
    <ClCompile Include="SkyBoxRenderer.cpp">
      <Filter>SkyBox</Filter>
    </ClCompile>
    <ClCompile Include="PBLightRenderer.cpp">
      <Filter>PBLight</Filter>
    </ClCompile>
    <ClCompile Include="PointRenderer.cpp">
      <Filter>Point</Filter>
    </ClCompile>
    <ClCompile Include="DFAlbedoRenderer.cpp">
      <Filter>Deffered\DFAlbedo</Filter>
    </ClCompile>
    <ClCompile Include="DFGeometryRenderer.cpp">
      <Filter>Deffered\DFGeometry</Filter>
    </ClCompile>
    <ClCompile Include="DFLightRenderer.cpp">
      <Filter>Deffered\DFLight</Filter>
    </ClCompile>
  </ItemGroup>
  <ItemGroup>
    <Filter Include="SkyBox">
      <UniqueIdentifier>{da33b830-37e0-49e1-8c56-2addd43e618b}</UniqueIdentifier>
    </Filter>
    <Filter Include="PBLight">
      <UniqueIdentifier>{07631d63-a9fb-494a-b842-f36f89e69cb3}</UniqueIdentifier>
    </Filter>
    <Filter Include="Point">
      <UniqueIdentifier>{b1844bfe-1ad0-4dcd-8395-3b8d54cc8d6b}</UniqueIdentifier>
    </Filter>
    <Filter Include="Deffered">
      <UniqueIdentifier>{768e54e3-b3d8-477b-8bfe-a84c574a7bbe}</UniqueIdentifier>
    </Filter>
    <Filter Include="Deffered\DFAlbedo">
      <UniqueIdentifier>{dff1e4fd-0ba8-4e3a-b556-127b48e68ce5}</UniqueIdentifier>
    </Filter>
    <Filter Include="Deffered\DFGeometry">
      <UniqueIdentifier>{02a2eaea-e421-4236-99fc-8829c0aec944}</UniqueIdentifier>
    </Filter>
    <Filter Include="Deffered\DFLight">
      <UniqueIdentifier>{00b18e83-2e61-4bf2-b088-fe783ae70d32}</UniqueIdentifier>
    </Filter>
  </ItemGroup>
  <ItemGroup>
    <None Include="..\GLSL\SkyBox.fs">
      <Filter>SkyBox</Filter>
    </None>
    <None Include="..\GLSL\SkyBox.vs">
      <Filter>SkyBox</Filter>
    </None>
    <None Include="..\GLSL\PBLight.fs">
      <Filter>PBLight</Filter>
    </None>
    <None Include="..\GLSL\PBLight.vs">
      <Filter>PBLight</Filter>
    </None>
    <None Include="..\GLSL\Point.vs">
      <Filter>Point</Filter>
    </None>
    <None Include="..\GLSL\Point.fs">
      <Filter>Point</Filter>
    </None>
    <None Include="..\GLSL\DFAlbedo.fs">
      <Filter>Deffered\DFAlbedo</Filter>
    </None>
    <None Include="..\GLSL\DFAlbedo.vs">
      <Filter>Deffered\DFAlbedo</Filter>
    </None>
    <None Include="..\GLSL\DFGeometry.fs">
      <Filter>Deffered\DFGeometry</Filter>
    </None>
    <None Include="..\GLSL\DFGeometry.vs">
      <Filter>Deffered\DFGeometry</Filter>
    </None>
    <None Include="..\GLSL\DFLight.fs">
      <Filter>Deffered\DFLight</Filter>
    </None>
    <None Include="..\GLSL\DFLight.vs">
      <Filter>Deffered\DFLight</Filter>
    </None>
  </ItemGroup>
</Project>