<?xml version="1.0" encoding="utf-8"?>
<Project ToolsVersion="4.0" xmlns="http://schemas.microsoft.com/developer/msbuild/2003">
  <ItemGroup>
    <ClInclude Include="IRenderer.h" />
    <ClInclude Include="SkyBoxRenderer.h">
      <Filter>SkyBox</Filter>
    </ClInclude>
    <ClInclude Include="PointRenderer.h">
      <Filter>Point</Filter>
    </ClInclude>
    <ClInclude Include="LineRenderer.h">
      <Filter>Line</Filter>
    </ClInclude>
    <ClInclude Include="TriangleRenderer.h">
      <Filter>Triangle</Filter>
    </ClInclude>
    <ClInclude Include="TexRenderer.h">
      <Filter>Texture</Filter>
    </ClInclude>
    <ClInclude Include="PointShaderSource.h">
      <Filter>Point</Filter>
    </ClInclude>
    <ClInclude Include="LineShaderSource.h">
      <Filter>Line</Filter>
    </ClInclude>
  </ItemGroup>
  <ItemGroup>
    <ClCompile Include="SkyBoxRenderer.cpp">
      <Filter>SkyBox</Filter>
    </ClCompile>
    <ClCompile Include="PointRenderer.cpp">
      <Filter>Point</Filter>
    </ClCompile>
    <ClCompile Include="LineRenderer.cpp">
      <Filter>Line</Filter>
    </ClCompile>
    <ClCompile Include="TriangleRenderer.cpp">
      <Filter>Triangle</Filter>
    </ClCompile>
    <ClCompile Include="TexRenderer.cpp">
      <Filter>Texture</Filter>
    </ClCompile>
    <ClCompile Include="PointShaderSource.cpp">
      <Filter>Point</Filter>
    </ClCompile>
    <ClCompile Include="LineShaderSource.cpp">
      <Filter>Line</Filter>
    </ClCompile>
  </ItemGroup>
  <ItemGroup>
    <Filter Include="SkyBox">
      <UniqueIdentifier>{da33b830-37e0-49e1-8c56-2addd43e618b}</UniqueIdentifier>
    </Filter>
    <Filter Include="Point">
      <UniqueIdentifier>{b1844bfe-1ad0-4dcd-8395-3b8d54cc8d6b}</UniqueIdentifier>
    </Filter>
    <Filter Include="Line">
      <UniqueIdentifier>{e7bd4984-afcc-4cb3-b10e-5c4ed312d7ef}</UniqueIdentifier>
    </Filter>
    <Filter Include="Triangle">
      <UniqueIdentifier>{7b348f21-9007-4e03-9d27-9f7ad0ea3db4}</UniqueIdentifier>
    </Filter>
    <Filter Include="Texture">
      <UniqueIdentifier>{5a2fa6a2-cd48-4fda-abf2-398cf6f6d757}</UniqueIdentifier>
    </Filter>
  </ItemGroup>
  <ItemGroup>
    <None Include="..\GLSL\SkyBox.fs">
      <Filter>SkyBox</Filter>
    </None>
    <None Include="..\GLSL\SkyBox.vs">
      <Filter>SkyBox</Filter>
    </None>
    <None Include="..\GLSL\Triangle.fs">
      <Filter>Triangle</Filter>
    </None>
    <None Include="..\GLSL\Triangle.vs">
      <Filter>Triangle</Filter>
    </None>
    <None Include="..\GLSL\Tex.fs">
      <Filter>Texture</Filter>
    </None>
    <None Include="..\GLSL\Tex.vs">
      <Filter>Texture</Filter>
    </None>
  </ItemGroup>
</Project>