<?xml version="1.0" encoding="utf-8"?>
<Project ToolsVersion="4.0" xmlns="http://schemas.microsoft.com/developer/msbuild/2003">
  <ItemGroup>
    <ClCompile Include="PhysicsView.cpp" />
    <ClCompile Include="CSPHFluidPresenter.cpp">
      <Filter>CSPH</Filter>
    </ClCompile>
    <ClCompile Include="CSPHFluidScene.cpp">
      <Filter>CSPH</Filter>
    </ClCompile>
    <ClCompile Include="CSPHFluidView.cpp">
      <Filter>CSPH</Filter>
    </ClCompile>
    <ClCompile Include="CSPHAnimator.cpp">
      <Filter>CSPH</Filter>
    </ClCompile>
    <ClCompile Include="PBSPHFluidView.cpp">
      <Filter>PBSPH</Filter>
    </ClCompile>
    <ClCompile Include="PhysicsMenu.cpp" />
    <ClCompile Include="PBSPHFluidPresenter.cpp">
      <Filter>PBSPH</Filter>
    </ClCompile>
    <ClCompile Include="PBSPHFluidScene.cpp">
      <Filter>PBSPH</Filter>
    </ClCompile>
    <ClCompile Include="PBSPHAnimator.cpp">
      <Filter>PBSPH</Filter>
    </ClCompile>
    <ClCompile Include="MVPSamplerView.cpp">
      <Filter>MVP</Filter>
    </ClCompile>
  </ItemGroup>
  <ItemGroup>
    <None Include="packages.config" />
  </ItemGroup>
  <ItemGroup>
    <ClInclude Include="CSPHFluidPresenter.h">
      <Filter>CSPH</Filter>
    </ClInclude>
    <ClInclude Include="CSPHFluidScene.h">
      <Filter>CSPH</Filter>
    </ClInclude>
    <ClInclude Include="CSPHFluidView.h">
      <Filter>CSPH</Filter>
    </ClInclude>
    <ClInclude Include="CSPHAnimator.h">
      <Filter>CSPH</Filter>
    </ClInclude>
    <ClInclude Include="PBSPHFluidView.h">
      <Filter>PBSPH</Filter>
    </ClInclude>
    <ClInclude Include="PhysicsMenu.h" />
    <ClInclude Include="PBSPHFluidScene.h">
      <Filter>PBSPH</Filter>
    </ClInclude>
    <ClInclude Include="PBSPHFluidPresenter.h">
      <Filter>PBSPH</Filter>
    </ClInclude>
    <ClInclude Include="PBSPHAnimator.h">
      <Filter>PBSPH</Filter>
    </ClInclude>
    <ClInclude Include="MVPSamplerView.h">
      <Filter>MVP</Filter>
    </ClInclude>
    <ClInclude Include="World.h" />
    <ClInclude Include="Renderer.h" />
  </ItemGroup>
  <ItemGroup>
    <Filter Include="CSPH">
      <UniqueIdentifier>{94989af5-e6f4-432b-bccb-598608f81b65}</UniqueIdentifier>
    </Filter>
    <Filter Include="PBSPH">
      <UniqueIdentifier>{d3a591a3-1480-42eb-b7ba-744141408cca}</UniqueIdentifier>
    </Filter>
    <Filter Include="MVP">
      <UniqueIdentifier>{95401368-80d9-45dd-9713-e4739b193b77}</UniqueIdentifier>
    </Filter>
  </ItemGroup>
</Project>