<?xml version="1.0" encoding="utf-8"?>
<Project ToolsVersion="4.0" xmlns="http://schemas.microsoft.com/developer/msbuild/2003">
  <ItemGroup>
    <ClCompile Include="main.cpp" />
    <ClCompile Include="PointRenderer.cpp">
      <Filter>Point</Filter>
    </ClCompile>
    <ClCompile Include="TexRenderer.cpp">
      <Filter>Tex</Filter>
    </ClCompile>
  </ItemGroup>
  <ItemGroup>
    <None Include="packages.config" />
    <None Include="Point.vs">
      <Filter>Point</Filter>
    </None>
    <None Include="Point.fs">
      <Filter>Point</Filter>
    </None>
    <None Include="Tex.fs">
      <Filter>Tex</Filter>
    </None>
    <None Include="Tex.vs">
      <Filter>Tex</Filter>
    </None>
  </ItemGroup>
  <ItemGroup>
    <ClInclude Include="IRenderer.h" />
    <ClInclude Include="PointRenderer.h">
      <Filter>Point</Filter>
    </ClInclude>
    <ClInclude Include="TexRenderer.h">
      <Filter>Tex</Filter>
    </ClInclude>
  </ItemGroup>
  <ItemGroup>
    <Filter Include="Point">
      <UniqueIdentifier>{cf81686b-919f-4f1f-ba23-2040f3ebac63}</UniqueIdentifier>
    </Filter>
    <Filter Include="Tex">
      <UniqueIdentifier>{eefedd87-1615-4166-ae10-ab044f33ac89}</UniqueIdentifier>
    </Filter>
  </ItemGroup>
</Project>