<?xml version="1.0" encoding="utf-8"?>
<Project ToolsVersion="4.0" xmlns="http://schemas.microsoft.com/developer/msbuild/2003">
  <ItemGroup>
    <ClCompile Include="VolumeView.cpp" />
    <ClCompile Include="Renderer.cpp" />
    <ClCompile Include="SparseVolumePresenter.cpp" />
  </ItemGroup>
  <ItemGroup>
    <ClInclude Include="World.h" />
    <ClInclude Include="Renderer.h" />
    <ClInclude Include="SparseVolumeScene.h" />
    <ClInclude Include="SparseVolumePresenter.h" />
  </ItemGroup>
  <ItemGroup>
    <None Include="packages.config" />
  </ItemGroup>
</Project>