<?xml version="1.0" encoding="utf-8"?>
<Project ToolsVersion="4.0" xmlns="http://schemas.microsoft.com/developer/msbuild/2003">
  <ItemGroup>
    <ClInclude Include="SPHKernel.h" />
    <ClInclude Include="CSPHParticle.h">
      <Filter>CSPH</Filter>
    </ClInclude>
    <ClInclude Include="CSPHFluid.h">
      <Filter>CSPH</Filter>
    </ClInclude>
    <ClInclude Include="CSPHSolver.h">
      <Filter>CSPH</Filter>
    </ClInclude>
    <ClInclude Include="CSPHBoundarySolver.h">
      <Filter>CSPH</Filter>
    </ClInclude>
    <ClInclude Include="PBSPHFluid.h">
      <Filter>PBSPH</Filter>
    </ClInclude>
    <ClInclude Include="PBSPHParticle.h">
      <Filter>PBSPH</Filter>
    </ClInclude>
  </ItemGroup>
  <ItemGroup>
    <ClCompile Include="SPHKernel.cpp" />
    <ClCompile Include="CSPHParticle.cpp">
      <Filter>CSPH</Filter>
    </ClCompile>
    <ClCompile Include="CSPHSolver.cpp">
      <Filter>CSPH</Filter>
    </ClCompile>
    <ClCompile Include="CSPHBoundarySolver.cpp">
      <Filter>CSPH</Filter>
    </ClCompile>
    <ClCompile Include="CSPHFluid.cpp">
      <Filter>CSPH</Filter>
    </ClCompile>
    <ClCompile Include="PBSPHParticle.cpp">
      <Filter>PBSPH</Filter>
    </ClCompile>
    <ClCompile Include="PBSPHFluid.cpp">
      <Filter>PBSPH</Filter>
    </ClCompile>
  </ItemGroup>
  <ItemGroup>
    <Filter Include="CSPH">
      <UniqueIdentifier>{e1c0684a-f6d1-4f99-8455-9f98af32ac25}</UniqueIdentifier>
    </Filter>
    <Filter Include="PBSPH">
      <UniqueIdentifier>{5e93185a-2ed2-45fd-951a-543593d8ea4a}</UniqueIdentifier>
    </Filter>
  </ItemGroup>
</Project>