<?xml version="1.0" encoding="utf-8"?>
<Project ToolsVersion="4.0" xmlns="http://schemas.microsoft.com/developer/msbuild/2003">
  <ItemGroup>
    <ClCompile Include="glm.cpp" />
    <ClCompile Include="Box3d.cpp" />
    <ClCompile Include="Box2d.cpp" />
  </ItemGroup>
  <ItemGroup>
    <ClInclude Include="glm.h" />
    <ClInclude Include="Matrix2d.h">
      <Filter>Matrix</Filter>
    </ClInclude>
    <ClInclude Include="Matrix3d.h">
      <Filter>Matrix</Filter>
    </ClInclude>
    <ClInclude Include="Matrix4d.h">
      <Filter>Matrix</Filter>
    </ClInclude>
    <ClInclude Include="Vector2d.h">
      <Filter>Vector</Filter>
    </ClInclude>
    <ClInclude Include="Vector3d.h">
      <Filter>Vector</Filter>
    </ClInclude>
    <ClInclude Include="Vector4d.h">
      <Filter>Vector</Filter>
    </ClInclude>
    <ClInclude Include="Quaternion.h" />
    <ClInclude Include="pi.h" />
    <ClInclude Include="Box3d.h" />
    <ClInclude Include="Box2d.h" />
  </ItemGroup>
  <ItemGroup>
    <Filter Include="Matrix">
      <UniqueIdentifier>{739158e5-32d4-49f7-8797-f8f109404f30}</UniqueIdentifier>
    </Filter>
    <Filter Include="Vector">
      <UniqueIdentifier>{ef92b831-fb4d-4566-9c09-d2640b399cb1}</UniqueIdentifier>
    </Filter>
  </ItemGroup>
</Project>