<?xml version="1.0" encoding="utf-8"?>
<Project ToolsVersion="4.0" xmlns="http://schemas.microsoft.com/developer/msbuild/2003">
  <ItemGroup>
    <ClCompile Include="VDBView.cpp" />
    <ClCompile Include="World.cpp" />
    <ClCompile Include="Renderer.cpp" />
    <ClCompile Include="VDBPointsPresenter.cpp" />
    <ClCompile Include="VDBPointsScene.cpp" />
    <ClCompile Include="VDBPointsBoxView.cpp" />
    <ClCompile Include="VDBPointsMenu.cpp" />
  </ItemGroup>
  <ItemGroup>
    <ClInclude Include="World.h" />
    <ClInclude Include="Renderer.h" />
    <ClInclude Include="VDBPointsPresenter.h" />
    <ClInclude Include="VDBPointsScene.h" />
    <ClInclude Include="VDBPointsBoxView.h" />
    <ClInclude Include="VDBPointsMenu.h" />
  </ItemGroup>
  <ItemGroup>
    <None Include="packages.config" />
  </ItemGroup>
</Project>